
Microsoft Visual Studio Solution File, Format Version 12.00
# Visual Studio Version 17
VisualStudioVersion = 17.2.32526.322
MinimumVisualStudioVersion = 10.0.40219.1
Project("{FAE04EC0-301F-11D3-BF4B-00C04F79EFBC}") = "Baithi2", "Baithi2\Baithi2.csproj", "{126F00BE-5648-4791-8F7A-B268B8ECCFF1}"
EndProject
Global
	GlobalSection(SolutionConfigurationPlatforms) = preSolution
		Debug|Any CPU = Debug|Any CPU
		Release|Any CPU = Release|Any CPU
	EndGlobalSection
	GlobalSection(ProjectConfigurationPlatforms) = postSolution
		{126F00BE-5648-4791-8F7A-B268B8ECCFF1}.Debug|Any CPU.ActiveCfg = Debug|Any CPU
		{126F00BE-5648-4791-8F7A-B268B8ECCFF1}.Debug|Any CPU.Build.0 = Debug|Any CPU
		{126F00BE-5648-4791-8F7A-B268B8ECCFF1}.Release|Any CPU.ActiveCfg = Release|Any CPU
		{126F00BE-5648-4791-8F7A-B268B8ECCFF1}.Release|Any CPU.Build.0 = Release|Any CPU
	EndGlobalSection
	GlobalSection(SolutionProperties) = preSolution
		HideSolutionNode = FALSE
	EndGlobalSection
	GlobalSection(ExtensibilityGlobals) = postSolution
		SolutionGuid = {AF3E9245-0D0B-4BEC-81BA-F4B9B3A2DF58}
	EndGlobalSection
EndGlobal
